<?xml version="1.0" encoding="utf-8"?>
<Project ToolsVersion="4.0" xmlns="http://schemas.microsoft.com/developer/msbuild/2003">
  <ItemGroup>
    <Filter Include="소스 파일">
      <UniqueIdentifier>{4FC737F1-C7A5-4376-A066-2A32D752A2FF}</UniqueIdentifier>
      <Extensions>cpp;c;cc;cxx;def;odl;idl;hpj;bat;asm;asmx</Extensions>
    </Filter>
    <Filter Include="헤더 파일">
      <UniqueIdentifier>{93995380-89BD-4b04-88EB-625FBE52EBFB}</UniqueIdentifier>
      <Extensions>h;hh;hpp;hxx;hm;inl;inc;xsd</Extensions>
    </Filter>
    <Filter Include="리소스 파일">
      <UniqueIdentifier>{67DA6AB6-F800-4c08-8B7A-83BB121AAD01}</UniqueIdentifier>
      <Extensions>rc;ico;cur;bmp;dlg;rc2;rct;bin;rgs;gif;jpg;jpeg;jpe;resx;tiff;tif;png;wav;mfcribbon-ms</Extensions>
    </Filter>
  </ItemGroup>
  <ItemGroup>
    <ClCompile Include="d3dUtility.cpp">
      <Filter>소스 파일</Filter>
    </ClCompile>
    <ClCompile Include="CSphere.cpp">
      <Filter>소스 파일</Filter>
    </ClCompile>
    <ClCompile Include="CLight.cpp">
      <Filter>소스 파일</Filter>
    </ClCompile>
    <ClCompile Include="CCue.cpp">
      <Filter>소스 파일</Filter>
    </ClCompile>
    <ClCompile Include="CCamera.cpp">
      <Filter>소스 파일</Filter>
    </ClCompile>
    <ClCompile Include="main.cpp">
      <Filter>소스 파일</Filter>
    </ClCompile>
    <ClCompile Include="CManager.cpp">
      <Filter>소스 파일</Filter>
    </ClCompile>
    <ClCompile Include="CTable.cpp">
      <Filter>소스 파일</Filter>
    </ClCompile>
  </ItemGroup>
  <ItemGroup>
    <ClInclude Include="d3dUtility.h">
      <Filter>헤더 파일</Filter>
    </ClInclude>
    <ClInclude Include="CSphere.h">
      <Filter>헤더 파일</Filter>
    </ClInclude>
    <ClInclude Include="CLight.h">
      <Filter>헤더 파일</Filter>
    </ClInclude>
    <ClInclude Include="CCamera.h">
      <Filter>헤더 파일</Filter>
    </ClInclude>
    <ClInclude Include="CCue.h">
      <Filter>헤더 파일</Filter>
    </ClInclude>
    <ClInclude Include="main.h">
      <Filter>헤더 파일</Filter>
    </ClInclude>
    <ClInclude Include="CManager.h">
      <Filter>헤더 파일</Filter>
    </ClInclude>
    <ClInclude Include="CTable.h">
      <Filter>헤더 파일</Filter>
    </ClInclude>
  </ItemGroup>
  <ItemGroup>
    <Image Include="rsc\hole.png">
      <Filter>리소스 파일</Filter>
    </Image>
    <Image Include="rsc\green.png">
      <Filter>리소스 파일</Filter>
    </Image>
    <Image Include="rsc\cue.png">
      <Filter>리소스 파일</Filter>
    </Image>
    <Image Include="rsc\5.png">
      <Filter>리소스 파일</Filter>
    </Image>
    <Image Include="rsc\6.png">
      <Filter>리소스 파일</Filter>
    </Image>
    <Image Include="rsc\7.png">
      <Filter>리소스 파일</Filter>
    </Image>
    <Image Include="rsc\8.png">
      <Filter>리소스 파일</Filter>
    </Image>
    <Image Include="rsc\9.png">
      <Filter>리소스 파일</Filter>
    </Image>
    <Image Include="rsc\10.png">
      <Filter>리소스 파일</Filter>
    </Image>
    <Image Include="rsc\11.png">
      <Filter>리소스 파일</Filter>
    </Image>
    <Image Include="rsc\12.png">
      <Filter>리소스 파일</Filter>
    </Image>
    <Image Include="rsc\13.png">
      <Filter>리소스 파일</Filter>
    </Image>
    <Image Include="rsc\14.png">
      <Filter>리소스 파일</Filter>
    </Image>
    <Image Include="rsc\15.png">
      <Filter>리소스 파일</Filter>
    </Image>
    <Image Include="rsc\1.png">
      <Filter>리소스 파일</Filter>
    </Image>
    <Image Include="rsc\2.png">
      <Filter>리소스 파일</Filter>
    </Image>
    <Image Include="rsc\3.png">
      <Filter>리소스 파일</Filter>
    </Image>
    <Image Include="rsc\4.png">
      <Filter>리소스 파일</Filter>
    </Image>
  </ItemGroup>
  <ItemGroup>
    <None Include="rsc\board.x">
      <Filter>리소스 파일</Filter>
    </None>
  </ItemGroup>
</Project>